
Microsoft Visual Studio Solution File, Format Version 12.00
# Visual Studio Version 17
VisualStudioVersion = 17.11.35431.28
MinimumVisualStudioVersion = 10.0.40219.1
Project("{FAE04EC0-301F-11D3-BF4B-00C04F79EFBC}") = "Lab12", "Lab12\Lab12.csproj", "{AD80D28A-A856-4331-98D6-74906ADA2EA1}"
EndProject
Global
	GlobalSection(SolutionConfigurationPlatforms) = preSolution
		Debug|Any CPU = Debug|Any CPU
		Release|Any CPU = Release|Any CPU
	EndGlobalSection
	GlobalSection(ProjectConfigurationPlatforms) = postSolution
		{AD80D28A-A856-4331-98D6-74906ADA2EA1}.Debug|Any CPU.ActiveCfg = Debug|Any CPU
		{AD80D28A-A856-4331-98D6-74906ADA2EA1}.Debug|Any CPU.Build.0 = Debug|Any CPU
		{AD80D28A-A856-4331-98D6-74906ADA2EA1}.Release|Any CPU.ActiveCfg = Release|Any CPU
		{AD80D28A-A856-4331-98D6-74906ADA2EA1}.Release|Any CPU.Build.0 = Release|Any CPU
	EndGlobalSection
	GlobalSection(SolutionProperties) = preSolution
		HideSolutionNode = FALSE
	EndGlobalSection
	GlobalSection(ExtensibilityGlobals) = postSolution
		SolutionGuid = {245CF240-E8E0-4D58-9CA8-A2F0C37EE949}
	EndGlobalSection
EndGlobal
